%{
  "bech32": {:hex, :bech32, "1.0.0", "85a3bb58c408d735b5becb39e8a23536660ec0df1ef0afee72377c130939de1b", [:mix], [], "hexpm", "f781b8524c30a524922613d97c1858c27bd9f639b4e6b350f4a4843ee97607d3"},
  "binary": {:hex, :binary, "0.0.5", "20d816f7274ea34f1b673b4cff2fdb9ebec9391a7a68c349070d515c66b1b2cf", [:mix], [], "hexpm", "ee1e9ebcab703a4e24db554957fbb540642fe9327eb9e295cb3f07dd7c11ddb2"},
  "bip0173": {:hex, :bip0173, "0.1.2", "b771e275692ed3353ecfecb38330693cbba90d2ac4a2e8fd1908a86ec7e6318f", [:mix], [], "hexpm", "6e12dfe7baacf9b4c422cae8f9cc6bbd791bf5ec3e9055fa3f418071b799b0db"},
  "bunt": {:hex, :bunt, "0.2.1", "e2d4792f7bc0ced7583ab54922808919518d0e57ee162901a16a1b6664ef3b14", [:mix], [], "hexpm", "a330bfb4245239787b15005e66ae6845c9cd524a288f0d141c148b02603777a5"},
  "castore": {:hex, :castore, "0.1.22", "4127549e411bedd012ca3a308dede574f43819fe9394254ca55ab4895abfa1a2", [:mix], [], "hexpm", "c17576df47eb5aa1ee40cc4134316a99f5cad3e215d5c77b8dd3cfef12a22cac"},
  "credo": {:hex, :credo, "1.6.7", "323f5734350fd23a456f2688b9430e7d517afb313fbd38671b8a4449798a7854", [:mix], [{:bunt, "~> 0.2.1", [hex: :bunt, repo: "hexpm", optional: false]}, {:file_system, "~> 0.2.8", [hex: :file_system, repo: "hexpm", optional: false]}, {:jason, "~> 1.0", [hex: :jason, repo: "hexpm", optional: false]}], "hexpm", "41e110bfb007f7eda7f897c10bf019ceab9a0b269ce79f015d54b0dcf4fc7dd3"},
  "dialyxir": {:hex, :dialyxir, "1.2.0", "58344b3e87c2e7095304c81a9ae65cb68b613e28340690dfe1a5597fd08dec37", [:mix], [{:erlex, ">= 0.2.6", [hex: :erlex, repo: "hexpm", optional: false]}], "hexpm", "61072136427a851674cab81762be4dbeae7679f85b1272b6d25c3a839aff8463"},
  "earmark_parser": {:hex, :earmark_parser, "1.4.29", "149d50dcb3a93d9f3d6f3ecf18c918fb5a2d3c001b5d3305c926cddfbd33355b", [:mix], [], "hexpm", "4902af1b3eb139016aed210888748db8070b8125c2342ce3dcae4f38dcc63503"},
  "erlex": {:hex, :erlex, "0.2.6", "c7987d15e899c7a2f34f5420d2a2ea0d659682c06ac607572df55a43753aa12e", [:mix], [], "hexpm", "2ed2e25711feb44d52b17d2780eabf998452f6efda104877a3881c2f8c0c0c75"},
  "ex_bech32": {:hex, :ex_bech32, "0.4.0", "11b7ddd7fb91f86bd681d88bb2d6bb89ad60489ddd0d97651100d9ca19ddf880", [:mix], [{:rustler, "~> 0.26", [hex: :rustler, repo: "hexpm", optional: false]}], "hexpm", "20b2bf9c339b5b767ed39a676e1c0fa75e821bc402a5e18a0d32191878639e37"},
  "ex_doc": {:hex, :ex_doc, "0.29.1", "b1c652fa5f92ee9cf15c75271168027f92039b3877094290a75abcaac82a9f77", [:mix], [{:earmark_parser, "~> 1.4.19", [hex: :earmark_parser, repo: "hexpm", optional: false]}, {:makeup_elixir, "~> 0.14", [hex: :makeup_elixir, repo: "hexpm", optional: false]}, {:makeup_erlang, "~> 0.1", [hex: :makeup_erlang, repo: "hexpm", optional: false]}], "hexpm", "b7745fa6374a36daf484e2a2012274950e084815b936b1319aeebcf7809574f6"},
  "file_system": {:hex, :file_system, "0.2.10", "fb082005a9cd1711c05b5248710f8826b02d7d1784e7c3451f9c1231d4fc162d", [:mix], [], "hexpm", "41195edbfb562a593726eda3b3e8b103a309b733ad25f3d642ba49696bf715dc"},
  "hammox": {:hex, :hammox, "0.7.0", "a49dc95e0a78e1c38db11c2b6eadff38f25418ef92ecf408bd90d95d459f35a2", [:mix], [{:mox, "~> 1.0", [hex: :mox, repo: "hexpm", optional: false]}, {:ordinal, "~> 0.1", [hex: :ordinal, repo: "hexpm", optional: false]}, {:telemetry, "~> 1.0", [hex: :telemetry, repo: "hexpm", optional: false]}], "hexpm", "5e228c4587f23543f90c11394957878178c489fad46da421c37ca696e37dd91b"},
  "hpax": {:hex, :hpax, "0.1.2", "09a75600d9d8bbd064cdd741f21fc06fc1f4cf3d0fcc335e5aa19be1a7235c84", [:mix], [], "hexpm", "2c87843d5a23f5f16748ebe77969880e29809580efdaccd615cd3bed628a8c13"},
  "jason": {:hex, :jason, "1.4.0", "e855647bc964a44e2f67df589ccf49105ae039d4179db7f6271dfd3843dc27e6", [:mix], [{:decimal, "~> 1.0 or ~> 2.0", [hex: :decimal, repo: "hexpm", optional: true]}], "hexpm", "79a3791085b2a0f743ca04cec0f7be26443738779d09302e01318f97bdb82121"},
  "k256": {:hex, :k256, "0.0.7", "d61766f36ac6c96f069dfb84f076c96d21d42a1a456cd3013cf395f4f6358682", [:mix], [{:rustler, "~> 0.26.0", [hex: :rustler, repo: "hexpm", optional: false]}, {:rustler_precompiled, "~> 0.5", [hex: :rustler_precompiled, repo: "hexpm", optional: false]}], "hexpm", "b55c4aa649ba84c42d80aa3fb37eda769fbda327df2439bfaa357b7b7dcf0003"},
  "makeup": {:hex, :makeup, "1.1.0", "6b67c8bc2882a6b6a445859952a602afc1a41c2e08379ca057c0f525366fc3ca", [:mix], [{:nimble_parsec, "~> 1.2.2 or ~> 1.3", [hex: :nimble_parsec, repo: "hexpm", optional: false]}], "hexpm", "0a45ed501f4a8897f580eabf99a2e5234ea3e75a4373c8a52824f6e873be57a6"},
  "makeup_elixir": {:hex, :makeup_elixir, "0.16.0", "f8c570a0d33f8039513fbccaf7108c5d750f47d8defd44088371191b76492b0b", [:mix], [{:makeup, "~> 1.0", [hex: :makeup, repo: "hexpm", optional: false]}, {:nimble_parsec, "~> 1.2.3", [hex: :nimble_parsec, repo: "hexpm", optional: false]}], "hexpm", "28b2cbdc13960a46ae9a8858c4bebdec3c9a6d7b4b9e7f4ed1502f8159f338e7"},
  "makeup_erlang": {:hex, :makeup_erlang, "0.1.1", "3fcb7f09eb9d98dc4d208f49cc955a34218fc41ff6b84df7c75b3e6e533cc65f", [:mix], [{:makeup, "~> 1.0", [hex: :makeup, repo: "hexpm", optional: false]}], "hexpm", "174d0809e98a4ef0b3309256cbf97101c6ec01c4ab0b23e926a9e17df2077cbb"},
  "mint": {:hex, :mint, "1.4.2", "50330223429a6e1260b2ca5415f69b0ab086141bc76dc2fbf34d7c389a6675b2", [:mix], [{:castore, "~> 0.1.0", [hex: :castore, repo: "hexpm", optional: true]}, {:hpax, "~> 0.1.1", [hex: :hpax, repo: "hexpm", optional: false]}], "hexpm", "ce75a5bbcc59b4d7d8d70f8b2fc284b1751ffb35c7b6a6302b5192f8ab4ddd80"},
  "mint_web_socket": {:hex, :mint_web_socket, "1.0.2", "0933a4c82f2376e35569b2255cdce94f2e3f993c0d5b04c360460cb8beda7154", [:mix], [{:mint, ">= 1.4.0", [hex: :mint, repo: "hexpm", optional: false]}], "hexpm", "067c5e15439be060f2ab57c468ee4ab29e39cb20b498ed990cb94f62db0efc3a"},
  "mox": {:hex, :mox, "1.0.2", "dc2057289ac478b35760ba74165b4b3f402f68803dd5aecd3bfd19c183815d64", [:mix], [], "hexpm", "f9864921b3aaf763c8741b5b8e6f908f44566f1e427b2630e89e9a73b981fef2"},
  "nimble_parsec": {:hex, :nimble_parsec, "1.2.3", "244836e6e3f1200c7f30cb56733fd808744eca61fd182f731eac4af635cc6d0b", [:mix], [], "hexpm", "c8d789e39b9131acf7b99291e93dae60ab48ef14a7ee9d58c6964f59efb570b0"},
  "ordinal": {:hex, :ordinal, "0.2.0", "d3eda0cb04ee1f0ca0aae37bf2cf56c28adce345fe56a75659031b6068275191", [:mix], [], "hexpm", "defca8f10dee9f03a090ed929a595303252700a9a73096b6f2f8d88341690d65"},
  "rustler": {:hex, :rustler, "0.26.0", "06a2773d453ee3e9109efda643cf2ae633dedea709e2455ac42b83637c9249bf", [:mix], [{:jason, "~> 1.0", [hex: :jason, repo: "hexpm", optional: false]}, {:toml, "~> 0.6", [hex: :toml, repo: "hexpm", optional: false]}], "hexpm", "42961e9d2083d004d5a53e111ad1f0c347efd9a05cb2eb2ffa1d037cdc74db91"},
  "rustler_precompiled": {:hex, :rustler_precompiled, "0.5.5", "a075a92c8e748ce5c4f7b2cf573a072d206a6d8d99c53f627e81d3f2b10616a3", [:mix], [{:castore, "~> 0.1", [hex: :castore, repo: "hexpm", optional: false]}, {:rustler, "~> 0.23", [hex: :rustler, repo: "hexpm", optional: true]}], "hexpm", "e8a7f1abfec8d68683bb25d14efc88496f091ef113f7f4c45d39f3606f7223f6"},
  "telemetry": {:hex, :telemetry, "1.2.1", "68fdfe8d8f05a8428483a97d7aab2f268aaff24b49e0f599faa091f1d4e7f61c", [:rebar3], [], "hexpm", "dad9ce9d8effc621708f99eac538ef1cbe05d6a874dd741de2e689c47feafed5"},
  "toml": {:hex, :toml, "0.7.0", "fbcd773caa937d0c7a02c301a1feea25612720ac3fa1ccb8bfd9d30d822911de", [:mix], [], "hexpm", "0690246a2478c1defd100b0c9b89b4ea280a22be9a7b313a8a058a2408a2fa70"},
  "websockex": {:hex, :websockex, "0.4.3", "92b7905769c79c6480c02daacaca2ddd49de936d912976a4d3c923723b647bf0", [:mix], [], "hexpm", "95f2e7072b85a3a4cc385602d42115b73ce0b74a9121d0d6dbbf557645ac53e4"},
}
